
Microsoft Visual Studio Solution File, Format Version 12.00
# Visual Studio Express 2012 for Windows Desktop
Project("{FAE04EC0-301F-11D3-BF4B-00C04F79EFBC}") = "EntidadesAbstractas", "EntidadesAbstractas\EntidadesAbstractas.csproj", "{991DFD53-1AB2-4261-9DF8-CF259BC2F7A4}"
EndProject
Project("{FAE04EC0-301F-11D3-BF4B-00C04F79EFBC}") = "Archivos", "Archivos\Archivos.csproj", "{696B38C9-08F0-4B2C-B1A6-C52AE710F51D}"
EndProject
Project("{FAE04EC0-301F-11D3-BF4B-00C04F79EFBC}") = "EntidadesInstanciables", "EntidadesInstanciables\EntidadesInstanciables.csproj", "{5775949A-C095-4D21-84A6-452C591B8D56}"
EndProject
Project("{FAE04EC0-301F-11D3-BF4B-00C04F79EFBC}") = "Excepciones", "Excepciones\Excepciones.csproj", "{7065D209-40A8-41E7-99AD-9DA547E44C7F}"
EndProject
Project("{FAE04EC0-301F-11D3-BF4B-00C04F79EFBC}") = "TP3", "TP3\TP3.csproj", "{A2FACF80-E37D-44EA-B1E4-7DBCF0A9D6BA}"
EndProject
Global
	GlobalSection(SolutionConfigurationPlatforms) = preSolution
		Debug|Any CPU = Debug|Any CPU
		Release|Any CPU = Release|Any CPU
	EndGlobalSection
	GlobalSection(ProjectConfigurationPlatforms) = postSolution
		{991DFD53-1AB2-4261-9DF8-CF259BC2F7A4}.Debug|Any CPU.ActiveCfg = Debug|Any CPU
		{991DFD53-1AB2-4261-9DF8-CF259BC2F7A4}.Debug|Any CPU.Build.0 = Debug|Any CPU
		{991DFD53-1AB2-4261-9DF8-CF259BC2F7A4}.Release|Any CPU.ActiveCfg = Release|Any CPU
		{991DFD53-1AB2-4261-9DF8-CF259BC2F7A4}.Release|Any CPU.Build.0 = Release|Any CPU
		{696B38C9-08F0-4B2C-B1A6-C52AE710F51D}.Debug|Any CPU.ActiveCfg = Debug|Any CPU
		{696B38C9-08F0-4B2C-B1A6-C52AE710F51D}.Debug|Any CPU.Build.0 = Debug|Any CPU
		{696B38C9-08F0-4B2C-B1A6-C52AE710F51D}.Release|Any CPU.ActiveCfg = Release|Any CPU
		{696B38C9-08F0-4B2C-B1A6-C52AE710F51D}.Release|Any CPU.Build.0 = Release|Any CPU
		{5775949A-C095-4D21-84A6-452C591B8D56}.Debug|Any CPU.ActiveCfg = Debug|Any CPU
		{5775949A-C095-4D21-84A6-452C591B8D56}.Debug|Any CPU.Build.0 = Debug|Any CPU
		{5775949A-C095-4D21-84A6-452C591B8D56}.Release|Any CPU.ActiveCfg = Release|Any CPU
		{5775949A-C095-4D21-84A6-452C591B8D56}.Release|Any CPU.Build.0 = Release|Any CPU
		{7065D209-40A8-41E7-99AD-9DA547E44C7F}.Debug|Any CPU.ActiveCfg = Debug|Any CPU
		{7065D209-40A8-41E7-99AD-9DA547E44C7F}.Debug|Any CPU.Build.0 = Debug|Any CPU
		{7065D209-40A8-41E7-99AD-9DA547E44C7F}.Release|Any CPU.ActiveCfg = Release|Any CPU
		{7065D209-40A8-41E7-99AD-9DA547E44C7F}.Release|Any CPU.Build.0 = Release|Any CPU
		{A2FACF80-E37D-44EA-B1E4-7DBCF0A9D6BA}.Debug|Any CPU.ActiveCfg = Debug|Any CPU
		{A2FACF80-E37D-44EA-B1E4-7DBCF0A9D6BA}.Debug|Any CPU.Build.0 = Debug|Any CPU
		{A2FACF80-E37D-44EA-B1E4-7DBCF0A9D6BA}.Release|Any CPU.ActiveCfg = Release|Any CPU
		{A2FACF80-E37D-44EA-B1E4-7DBCF0A9D6BA}.Release|Any CPU.Build.0 = Release|Any CPU
	EndGlobalSection
	GlobalSection(SolutionProperties) = preSolution
		HideSolutionNode = FALSE
	EndGlobalSection
EndGlobal
